
Microsoft Visual Studio Solution File, Format Version 12.00
# Visual Studio 2013
Project("{FAE04EC0-301F-11D3-BF4B-00C04F79EFBC}") = "UnityVS.AndroidPlatformer.CSharp", "UnityVS.AndroidPlatformer.CSharp.csproj", "{D4BB0EE4-5527-9B99-17D7-9D8BB4F8FA74}"
EndProject
Global
	GlobalSection(SolutionConfigurationPlatforms) = preSolution
		Debug|Any CPU = Debug|Any CPU
		Release|Any CPU = Release|Any CPU
	EndGlobalSection
	GlobalSection(ProjectConfigurationPlatforms) = postSolution
		{D4BB0EE4-5527-9B99-17D7-9D8BB4F8FA74}.Debug|Any CPU.ActiveCfg = Debug|Any CPU
		{D4BB0EE4-5527-9B99-17D7-9D8BB4F8FA74}.Debug|Any CPU.Build.0 = Debug|Any CPU
		{D4BB0EE4-5527-9B99-17D7-9D8BB4F8FA74}.Release|Any CPU.ActiveCfg = Release|Any CPU
		{D4BB0EE4-5527-9B99-17D7-9D8BB4F8FA74}.Release|Any CPU.Build.0 = Release|Any CPU
	EndGlobalSection
	GlobalSection(SolutionProperties) = preSolution
		HideSolutionNode = FALSE
	EndGlobalSection
EndGlobal
